
Microsoft Visual Studio Solution File, Format Version 12.00
# Visual Studio Version 17
VisualStudioVersion = 17.3.32922.545
MinimumVisualStudioVersion = 10.0.40219.1
Project("{FAE04EC0-301F-11D3-BF4B-00C04F79EFBC}") = "MemoirLane", "MemoirLane\MemoirLane.csproj", "{F55F959C-08E8-4A38-9478-2DB0ECFD5052}"
EndProject
Global
	GlobalSection(SolutionConfigurationPlatforms) = preSolution
		Debug|Any CPU = Debug|Any CPU
		Release|Any CPU = Release|Any CPU
	EndGlobalSection
	GlobalSection(ProjectConfigurationPlatforms) = postSolution
		{F55F959C-08E8-4A38-9478-2DB0ECFD5052}.Debug|Any CPU.ActiveCfg = Debug|Any CPU
		{F55F959C-08E8-4A38-9478-2DB0ECFD5052}.Debug|Any CPU.Build.0 = Debug|Any CPU
		{F55F959C-08E8-4A38-9478-2DB0ECFD5052}.Release|Any CPU.ActiveCfg = Release|Any CPU
		{F55F959C-08E8-4A38-9478-2DB0ECFD5052}.Release|Any CPU.Build.0 = Release|Any CPU
	EndGlobalSection
	GlobalSection(SolutionProperties) = preSolution
		HideSolutionNode = FALSE
	EndGlobalSection
	GlobalSection(ExtensibilityGlobals) = postSolution
		SolutionGuid = {878384C4-1D54-448A-B0EB-DFA9CC3AFD05}
	EndGlobalSection
EndGlobal
